hash: c707048f869ac9b9aad1fa86162c7015b3e6dd6db6905e9c6da63b7d94bb5047
updated: 2016-12-28T15:49:23.904265527-05:00
imports:
- name: github.com/bakins/go-zfs
  version: 13c707182a3c3015b7516d28985d879d67fca763
- name: github.com/docker/go-units
  version: f2d77a61e3c169b43402a0a1e84f06daf29b8190
- name: github.com/pborman/uuid
  version: a97ce2ca70fa5a848076093f05e639a89ca34d06
testImports: []
